
Microsoft Visual Studio Solution File, Format Version 12.00
# Visual Studio Version 16
VisualStudioVersion = 16.0.31410.357
MinimumVisualStudioVersion = 10.0.40219.1
Project("{FAE04EC0-301F-11D3-BF4B-00C04F79EFBC}") = "Services.Api.Library", "Services.Api.Library\Services.Api.Library.csproj", "{1C14BE0F-1638-46DB-AEFC-36F194267309}"
EndProject
Global
	GlobalSection(SolutionConfigurationPlatforms) = preSolution
		Debug|Any CPU = Debug|Any CPU
		Release|Any CPU = Release|Any CPU
	EndGlobalSection
	GlobalSection(ProjectConfigurationPlatforms) = postSolution
		{1C14BE0F-1638-46DB-AEFC-36F194267309}.Debug|Any CPU.ActiveCfg = Debug|Any CPU
		{1C14BE0F-1638-46DB-AEFC-36F194267309}.Debug|Any CPU.Build.0 = Debug|Any CPU
		{1C14BE0F-1638-46DB-AEFC-36F194267309}.Release|Any CPU.ActiveCfg = Release|Any CPU
		{1C14BE0F-1638-46DB-AEFC-36F194267309}.Release|Any CPU.Build.0 = Release|Any CPU
	EndGlobalSection
	GlobalSection(SolutionProperties) = preSolution
		HideSolutionNode = FALSE
	EndGlobalSection
	GlobalSection(ExtensibilityGlobals) = postSolution
		SolutionGuid = {6028BC26-6925-4897-A327-FF6AE719182C}
	EndGlobalSection
EndGlobal
